github.com/envoyproxy/go-control-plane v0.10.0 h1:0+qVZ3VUq6K9RzR9rZ3+9Zf3XW8xW9q3p6L6q6X6=
github.com/envoyproxy/go-control-plane/envoy/config/core/v3 v0.10.0 h1:0+qVZ3VUq6K9RzR9rZ3+9Zf3XW8xW9q3p6L6q6X6=
github.com/envoyproxy/go-control-plane/envoy/config/listener/v3 v0.10.0 h1:0+qVZ3VUq6K9RzR9rZ3+9Zf3XW8xW9q3p6L6q6X6=
github.com/envoyproxy/go-control-plane/envoy/config/route/v3 v0.10.0 h1:0+qVZ3VUq6K9RzR9rZ3+9Zf3XW8xW9q3p6L6q6X6=
github.com/envoyproxy/go-control-plane/envoy/type/v3 v0.10.0 h1:0+qVZ3VUq6K9RzR9rZ3+9Zf3XW8xW9q3p6L6q6X6=
github.com/envoyproxy/go-control-plane/pkg/wrapped v0.10.0 h1:0+qVZ3VUq6K9RzR9rZ3+9Zf3XW8xW9q3p6L6q6X6=
google.golang.org/protobuf v1.28.0 h1:Zy5pMF+7c6XZNdRsuQMT8YeBJ9FBz+Xm6pdGJZGKu3E=
google.golang.org/protobuf/types/known/anypb v1.28.0 h1:Zy5pMF+7c6XZNdRsuQMT8YeBJ9FBz+Xm6pdGJZGKu3E=
google.golang.org/protobuf/types/known/wrapperspb v1.28.0 h1:Zy5pMF+7c6XZNdRsuQMT8YeBJ9FBz+Xm6pdGJZGKu3E=
